
Microsoft Visual Studio Solution File, Format Version 12.00
# Visual Studio Version 17
VisualStudioVersion = 17.4.33403.182
MinimumVisualStudioVersion = 10.0.40219.1
Project("{9A19103F-16F7-4668-BE54-9A1E7A4F7556}") = "ChristmasHamper.API", "ChristmasHamper.API\ChristmasHamper.API.csproj", "{10CD1115-27E3-444A-84F4-DF3ED24CA847}"
EndProject
Project("{2150E333-8FDC-42A3-9474-1A3956D46DE8}") = "src", "src", "{6CCB5B2D-ECC9-4164-9CFC-79F4164618D6}"
EndProject
Project("{2150E333-8FDC-42A3-9474-1A3956D46DE8}") = "API", "API", "{0AF51A0A-9B96-41AD-9BC4-1FF872C47758}"
EndProject
Project("{2150E333-8FDC-42A3-9474-1A3956D46DE8}") = "Core", "Core", "{39DF807D-B5E7-4982-9D7D-89B4106C0616}"
EndProject
Project("{2150E333-8FDC-42A3-9474-1A3956D46DE8}") = "test", "test", "{0C4BB10E-10D1-45A0-9C7C-450259CCF68D}"
EndProject
Project("{2150E333-8FDC-42A3-9474-1A3956D46DE8}") = "Infrastructure", "Infrastructure", "{F4B66CF1-EC20-48DE-8700-C9FE75894184}"
EndProject
Project("{2150E333-8FDC-42A3-9474-1A3956D46DE8}") = "UI", "UI", "{885940C5-2D9B-429B-883B-E8A343834271}"
EndProject
Project("{9A19103F-16F7-4668-BE54-9A1E7A4F7556}") = "ChristmasHamper.Domain", "ChristmasHamper.Domain\ChristmasHamper.Domain.csproj", "{3F98CC90-C9F9-4BCD-8322-E5D562BFC849}"
EndProject
Project("{9A19103F-16F7-4668-BE54-9A1E7A4F7556}") = "ChristmasHamper.Application", "ChristmasHamper.Application\ChristmasHamper.Application.csproj", "{F344643F-AFC5-4C0A-88F0-84542FE56EB2}"
EndProject
Project("{9A19103F-16F7-4668-BE54-9A1E7A4F7556}") = "ChristmasHamper.Persistence", "ChristmasHamper.Persistence\ChristmasHamper.Persistence.csproj", "{903EB20E-E7B5-4D89-9500-7344541CBD06}"
EndProject
Project("{9A19103F-16F7-4668-BE54-9A1E7A4F7556}") = "ChristmasHamper.Application.UnitTests", "ChristmasHamper.Application.UnitTests\ChristmasHamper.Application.UnitTests.csproj", "{17DD3CF4-D075-49BD-9735-5032E66F0CD0}"
EndProject
Project("{9A19103F-16F7-4668-BE54-9A1E7A4F7556}") = "ChristmasHamper.API.IntegrationTests", "ChristmasHamper.API.IntegrationTests\ChristmasHamper.API.IntegrationTests.csproj", "{43EF0D93-ABA6-44B0-926E-67183C51AEF4}"
EndProject
Project("{9A19103F-16F7-4668-BE54-9A1E7A4F7556}") = "ChristmasHamper.Persistence.IntegrationTests", "ChristmasHamper.Persistence.IntegrationTests\ChristmasHamper.Persistence.IntegrationTests.csproj", "{16CA758D-5C28-4919-ABE8-96D98AD49BD0}"
EndProject
Project("{9A19103F-16F7-4668-BE54-9A1E7A4F7556}") = "ChristmasHamper.Infrastructure", "ChristmasHamper.Infrastructure\ChristmasHamper.Infrastructure.csproj", "{ED3C2DB5-288F-4C13-848B-29BA575FF442}"
EndProject
Project("{FAE04EC0-301F-11D3-BF4B-00C04F79EFBC}") = "ChristmasHamper.WebApp", "ChristmasHamper.WebApp\ChristmasHamper.WebApp.csproj", "{7E17473A-9523-488E-9730-AAF07334032B}"
EndProject
Project("{FAE04EC0-301F-11D3-BF4B-00C04F79EFBC}") = "ChristmasHamper.ApiClient", "ChristmasHamper.ApiClient\ChristmasHamper.ApiClient.csproj", "{9CE3C7E6-4677-4D39-A81E-78BF21945CF9}"
EndProject
Global
	GlobalSection(SolutionConfigurationPlatforms) = preSolution
		Debug|Any CPU = Debug|Any CPU
		Release|Any CPU = Release|Any CPU
	EndGlobalSection
	GlobalSection(ProjectConfigurationPlatforms) = postSolution
		{10CD1115-27E3-444A-84F4-DF3ED24CA847}.Debug|Any CPU.ActiveCfg = Debug|Any CPU
		{10CD1115-27E3-444A-84F4-DF3ED24CA847}.Debug|Any CPU.Build.0 = Debug|Any CPU
		{10CD1115-27E3-444A-84F4-DF3ED24CA847}.Release|Any CPU.ActiveCfg = Release|Any CPU
		{10CD1115-27E3-444A-84F4-DF3ED24CA847}.Release|Any CPU.Build.0 = Release|Any CPU
		{3F98CC90-C9F9-4BCD-8322-E5D562BFC849}.Debug|Any CPU.ActiveCfg = Debug|Any CPU
		{3F98CC90-C9F9-4BCD-8322-E5D562BFC849}.Debug|Any CPU.Build.0 = Debug|Any CPU
		{3F98CC90-C9F9-4BCD-8322-E5D562BFC849}.Release|Any CPU.ActiveCfg = Release|Any CPU
		{3F98CC90-C9F9-4BCD-8322-E5D562BFC849}.Release|Any CPU.Build.0 = Release|Any CPU
		{F344643F-AFC5-4C0A-88F0-84542FE56EB2}.Debug|Any CPU.ActiveCfg = Debug|Any CPU
		{F344643F-AFC5-4C0A-88F0-84542FE56EB2}.Debug|Any CPU.Build.0 = Debug|Any CPU
		{F344643F-AFC5-4C0A-88F0-84542FE56EB2}.Release|Any CPU.ActiveCfg = Release|Any CPU
		{F344643F-AFC5-4C0A-88F0-84542FE56EB2}.Release|Any CPU.Build.0 = Release|Any CPU
		{903EB20E-E7B5-4D89-9500-7344541CBD06}.Debug|Any CPU.ActiveCfg = Debug|Any CPU
		{903EB20E-E7B5-4D89-9500-7344541CBD06}.Debug|Any CPU.Build.0 = Debug|Any CPU
		{903EB20E-E7B5-4D89-9500-7344541CBD06}.Release|Any CPU.ActiveCfg = Release|Any CPU
		{903EB20E-E7B5-4D89-9500-7344541CBD06}.Release|Any CPU.Build.0 = Release|Any CPU
		{17DD3CF4-D075-49BD-9735-5032E66F0CD0}.Debug|Any CPU.ActiveCfg = Debug|Any CPU
		{17DD3CF4-D075-49BD-9735-5032E66F0CD0}.Debug|Any CPU.Build.0 = Debug|Any CPU
		{17DD3CF4-D075-49BD-9735-5032E66F0CD0}.Release|Any CPU.ActiveCfg = Release|Any CPU
		{17DD3CF4-D075-49BD-9735-5032E66F0CD0}.Release|Any CPU.Build.0 = Release|Any CPU
		{43EF0D93-ABA6-44B0-926E-67183C51AEF4}.Debug|Any CPU.ActiveCfg = Debug|Any CPU
		{43EF0D93-ABA6-44B0-926E-67183C51AEF4}.Debug|Any CPU.Build.0 = Debug|Any CPU
		{43EF0D93-ABA6-44B0-926E-67183C51AEF4}.Release|Any CPU.ActiveCfg = Release|Any CPU
		{43EF0D93-ABA6-44B0-926E-67183C51AEF4}.Release|Any CPU.Build.0 = Release|Any CPU
		{16CA758D-5C28-4919-ABE8-96D98AD49BD0}.Debug|Any CPU.ActiveCfg = Debug|Any CPU
		{16CA758D-5C28-4919-ABE8-96D98AD49BD0}.Debug|Any CPU.Build.0 = Debug|Any CPU
		{16CA758D-5C28-4919-ABE8-96D98AD49BD0}.Release|Any CPU.ActiveCfg = Release|Any CPU
		{16CA758D-5C28-4919-ABE8-96D98AD49BD0}.Release|Any CPU.Build.0 = Release|Any CPU
		{ED3C2DB5-288F-4C13-848B-29BA575FF442}.Debug|Any CPU.ActiveCfg = Debug|Any CPU
		{ED3C2DB5-288F-4C13-848B-29BA575FF442}.Debug|Any CPU.Build.0 = Debug|Any CPU
		{ED3C2DB5-288F-4C13-848B-29BA575FF442}.Release|Any CPU.ActiveCfg = Release|Any CPU
		{ED3C2DB5-288F-4C13-848B-29BA575FF442}.Release|Any CPU.Build.0 = Release|Any CPU
		{7E17473A-9523-488E-9730-AAF07334032B}.Debug|Any CPU.ActiveCfg = Debug|Any CPU
		{7E17473A-9523-488E-9730-AAF07334032B}.Debug|Any CPU.Build.0 = Debug|Any CPU
		{7E17473A-9523-488E-9730-AAF07334032B}.Release|Any CPU.ActiveCfg = Release|Any CPU
		{7E17473A-9523-488E-9730-AAF07334032B}.Release|Any CPU.Build.0 = Release|Any CPU
		{9CE3C7E6-4677-4D39-A81E-78BF21945CF9}.Debug|Any CPU.ActiveCfg = Debug|Any CPU
		{9CE3C7E6-4677-4D39-A81E-78BF21945CF9}.Debug|Any CPU.Build.0 = Debug|Any CPU
		{9CE3C7E6-4677-4D39-A81E-78BF21945CF9}.Release|Any CPU.ActiveCfg = Release|Any CPU
		{9CE3C7E6-4677-4D39-A81E-78BF21945CF9}.Release|Any CPU.Build.0 = Release|Any CPU
	EndGlobalSection
	GlobalSection(SolutionProperties) = preSolution
		HideSolutionNode = FALSE
	EndGlobalSection
	GlobalSection(NestedProjects) = preSolution
		{10CD1115-27E3-444A-84F4-DF3ED24CA847} = {0AF51A0A-9B96-41AD-9BC4-1FF872C47758}
		{0AF51A0A-9B96-41AD-9BC4-1FF872C47758} = {6CCB5B2D-ECC9-4164-9CFC-79F4164618D6}
		{39DF807D-B5E7-4982-9D7D-89B4106C0616} = {6CCB5B2D-ECC9-4164-9CFC-79F4164618D6}
		{F4B66CF1-EC20-48DE-8700-C9FE75894184} = {6CCB5B2D-ECC9-4164-9CFC-79F4164618D6}
		{885940C5-2D9B-429B-883B-E8A343834271} = {6CCB5B2D-ECC9-4164-9CFC-79F4164618D6}
		{3F98CC90-C9F9-4BCD-8322-E5D562BFC849} = {39DF807D-B5E7-4982-9D7D-89B4106C0616}
		{F344643F-AFC5-4C0A-88F0-84542FE56EB2} = {39DF807D-B5E7-4982-9D7D-89B4106C0616}
		{903EB20E-E7B5-4D89-9500-7344541CBD06} = {F4B66CF1-EC20-48DE-8700-C9FE75894184}
		{17DD3CF4-D075-49BD-9735-5032E66F0CD0} = {0C4BB10E-10D1-45A0-9C7C-450259CCF68D}
		{43EF0D93-ABA6-44B0-926E-67183C51AEF4} = {0C4BB10E-10D1-45A0-9C7C-450259CCF68D}
		{16CA758D-5C28-4919-ABE8-96D98AD49BD0} = {0C4BB10E-10D1-45A0-9C7C-450259CCF68D}
		{ED3C2DB5-288F-4C13-848B-29BA575FF442} = {F4B66CF1-EC20-48DE-8700-C9FE75894184}
		{7E17473A-9523-488E-9730-AAF07334032B} = {885940C5-2D9B-429B-883B-E8A343834271}
		{9CE3C7E6-4677-4D39-A81E-78BF21945CF9} = {885940C5-2D9B-429B-883B-E8A343834271}
	EndGlobalSection
	GlobalSection(ExtensibilityGlobals) = postSolution
		SolutionGuid = {D5936B93-DE5F-435A-A16F-321351CAC9CE}
	EndGlobalSection
EndGlobal
